
Microsoft Visual Studio Solution File, Format Version 12.00
# Visual Studio Version 17
VisualStudioVersion = 17.5.002.0
MinimumVisualStudioVersion = 10.0.40219.1
Project("{9A19103F-16F7-4668-BE54-9A1E7A4F7556}") = "rpg-game-in-c-", "rpg-game-in-c-.csproj", "{E1B5AA3C-F4BA-4D00-A38C-2D2569B8A0D8}"
EndProject
Global
	GlobalSection(SolutionConfigurationPlatforms) = preSolution
		Debug|Any CPU = Debug|Any CPU
		Release|Any CPU = Release|Any CPU
	EndGlobalSection
	GlobalSection(ProjectConfigurationPlatforms) = postSolution
		{E1B5AA3C-F4BA-4D00-A38C-2D2569B8A0D8}.Debug|Any CPU.ActiveCfg = Debug|Any CPU
		{E1B5AA3C-F4BA-4D00-A38C-2D2569B8A0D8}.Debug|Any CPU.Build.0 = Debug|Any CPU
		{E1B5AA3C-F4BA-4D00-A38C-2D2569B8A0D8}.Release|Any CPU.ActiveCfg = Release|Any CPU
		{E1B5AA3C-F4BA-4D00-A38C-2D2569B8A0D8}.Release|Any CPU.Build.0 = Release|Any CPU
	EndGlobalSection
	GlobalSection(SolutionProperties) = preSolution
		HideSolutionNode = FALSE
	EndGlobalSection
	GlobalSection(ExtensibilityGlobals) = postSolution
		SolutionGuid = {BE531172-4566-4564-A2F8-E3E439EA1E95}
	EndGlobalSection
EndGlobal
